
Microsoft Visual Studio Solution File, Format Version 12.00
# Visual Studio Version 17
VisualStudioVersion = 17.10.34707.107
MinimumVisualStudioVersion = 10.0.40219.1
Project("{FAE04EC0-301F-11D3-BF4B-00C04F79EFBC}") = "ReenbitApp1", "ReenbitApp1\ReenbitApp1.csproj", "{DC4BB311-65B2-43F4-B76D-48DC08E42AA9}"
EndProject
Global
	GlobalSection(SolutionConfigurationPlatforms) = preSolution
		Debug|Any CPU = Debug|Any CPU
		Release|Any CPU = Release|Any CPU
	EndGlobalSection
	GlobalSection(ProjectConfigurationPlatforms) = postSolution
		{DC4BB311-65B2-43F4-B76D-48DC08E42AA9}.Debug|Any CPU.ActiveCfg = Debug|Any CPU
		{DC4BB311-65B2-43F4-B76D-48DC08E42AA9}.Debug|Any CPU.Build.0 = Debug|Any CPU
		{DC4BB311-65B2-43F4-B76D-48DC08E42AA9}.Release|Any CPU.ActiveCfg = Release|Any CPU
		{DC4BB311-65B2-43F4-B76D-48DC08E42AA9}.Release|Any CPU.Build.0 = Release|Any CPU
	EndGlobalSection
	GlobalSection(SolutionProperties) = preSolution
		HideSolutionNode = FALSE
	EndGlobalSection
	GlobalSection(ExtensibilityGlobals) = postSolution
		SolutionGuid = {8104EFD3-1FB9-4FE6-942A-6354FFC6F0A8}
	EndGlobalSection
EndGlobal
